
Microsoft Visual Studio Solution File, Format Version 12.00
# Visual Studio Version 16
VisualStudioVersion = 16.0.30028.174
MinimumVisualStudioVersion = 10.0.40219.1
Project("{9A19103F-16F7-4668-BE54-9A1E7A4F7556}") = "HLVR_SDK_Assistant", "HLVR_SDK_Assistant.csproj", "{E46537CB-EB51-49BD-AB60-2AD138F43AA0}"
EndProject
Global
	GlobalSection(SolutionConfigurationPlatforms) = preSolution
		Debug|Any CPU = Debug|Any CPU
		Release|Any CPU = Release|Any CPU
	EndGlobalSection
	GlobalSection(ProjectConfigurationPlatforms) = postSolution
		{E46537CB-EB51-49BD-AB60-2AD138F43AA0}.Debug|Any CPU.ActiveCfg = Debug|Any CPU
		{E46537CB-EB51-49BD-AB60-2AD138F43AA0}.Debug|Any CPU.Build.0 = Debug|Any CPU
		{E46537CB-EB51-49BD-AB60-2AD138F43AA0}.Release|Any CPU.ActiveCfg = Release|Any CPU
		{E46537CB-EB51-49BD-AB60-2AD138F43AA0}.Release|Any CPU.Build.0 = Release|Any CPU
	EndGlobalSection
	GlobalSection(SolutionProperties) = preSolution
		HideSolutionNode = FALSE
	EndGlobalSection
	GlobalSection(ExtensibilityGlobals) = postSolution
		SolutionGuid = {01C1C384-F303-493C-A249-5E54F6F9909E}
	EndGlobalSection
EndGlobal
